
Microsoft Visual Studio Solution File, Format Version 12.00
# Visual Studio Version 16
VisualStudioVersion = 16.0.32228.343
MinimumVisualStudioVersion = 10.0.40219.1
Project("{FAE04EC0-301F-11D3-BF4B-00C04F79EFBC}") = "Tasks", "Tasks\Tasks.csproj", "{2E445007-ED6A-4BB9-80C5-319967F31BA7}"
EndProject
Project("{FAE04EC0-301F-11D3-BF4B-00C04F79EFBC}") = "POS", "POS\POS.csproj", "{068BD52F-17A9-4D12-97CD-6D6C885FA3BA}"
EndProject
Global
	GlobalSection(SolutionConfigurationPlatforms) = preSolution
		Debug|Any CPU = Debug|Any CPU
		Release|Any CPU = Release|Any CPU
	EndGlobalSection
	GlobalSection(ProjectConfigurationPlatforms) = postSolution
		{2E445007-ED6A-4BB9-80C5-319967F31BA7}.Debug|Any CPU.ActiveCfg = Debug|Any CPU
		{2E445007-ED6A-4BB9-80C5-319967F31BA7}.Debug|Any CPU.Build.0 = Debug|Any CPU
		{2E445007-ED6A-4BB9-80C5-319967F31BA7}.Release|Any CPU.ActiveCfg = Release|Any CPU
		{2E445007-ED6A-4BB9-80C5-319967F31BA7}.Release|Any CPU.Build.0 = Release|Any CPU
		{068BD52F-17A9-4D12-97CD-6D6C885FA3BA}.Debug|Any CPU.ActiveCfg = Debug|Any CPU
		{068BD52F-17A9-4D12-97CD-6D6C885FA3BA}.Debug|Any CPU.Build.0 = Debug|Any CPU
		{068BD52F-17A9-4D12-97CD-6D6C885FA3BA}.Release|Any CPU.ActiveCfg = Release|Any CPU
		{068BD52F-17A9-4D12-97CD-6D6C885FA3BA}.Release|Any CPU.Build.0 = Release|Any CPU
	EndGlobalSection
	GlobalSection(SolutionProperties) = preSolution
		HideSolutionNode = FALSE
	EndGlobalSection
	GlobalSection(ExtensibilityGlobals) = postSolution
		SolutionGuid = {2E5B852E-7F4E-4E57-B145-2282265AD863}
	EndGlobalSection
EndGlobal
